
Microsoft Visual Studio Solution File, Format Version 12.00
# Visual Studio Version 17
VisualStudioVersion = 17.14.36408.4 d17.14
MinimumVisualStudioVersion = 10.0.40219.1
Project("{FAE04EC0-301F-11D3-BF4B-00C04F79EFBC}") = "TecWeb Practica Examen", "TecWeb Practica Examen.csproj", "{0C0411D8-C580-420F-9E57-3D6E17240D74}"
EndProject
Global
	GlobalSection(SolutionConfigurationPlatforms) = preSolution
		Debug|Any CPU = Debug|Any CPU
		Release|Any CPU = Release|Any CPU
	EndGlobalSection
	GlobalSection(ProjectConfigurationPlatforms) = postSolution
		{0C0411D8-C580-420F-9E57-3D6E17240D74}.Debug|Any CPU.ActiveCfg = Debug|Any CPU
		{0C0411D8-C580-420F-9E57-3D6E17240D74}.Debug|Any CPU.Build.0 = Debug|Any CPU
		{0C0411D8-C580-420F-9E57-3D6E17240D74}.Release|Any CPU.ActiveCfg = Release|Any CPU
		{0C0411D8-C580-420F-9E57-3D6E17240D74}.Release|Any CPU.Build.0 = Release|Any CPU
	EndGlobalSection
	GlobalSection(SolutionProperties) = preSolution
		HideSolutionNode = FALSE
	EndGlobalSection
	GlobalSection(ExtensibilityGlobals) = postSolution
		SolutionGuid = {07FB68ED-C976-4212-8983-F411B68E37EE}
	EndGlobalSection
EndGlobal
